
Microsoft Visual Studio Solution File, Format Version 12.00
# Visual Studio Version 17
VisualStudioVersion = 17.9.34723.18
MinimumVisualStudioVersion = 10.0.40219.1
Project("{8BC9CEB8-8B4A-11D0-8D11-00A0C91BC942}") = "RoadMap", "RoadMap\RoadMap.vcxproj", "{A141DABC-70C6-4661-982B-7FF01A827CBB}"
EndProject
Global
	GlobalSection(SolutionConfigurationPlatforms) = preSolution
		Debug|x64 = Debug|x64
		Debug|x86 = Debug|x86
		Release|x64 = Release|x64
		Release|x86 = Release|x86
	EndGlobalSection
	GlobalSection(ProjectConfigurationPlatforms) = postSolution
		{A141DABC-70C6-4661-982B-7FF01A827CBB}.Debug|x64.ActiveCfg = Release|x64
		{A141DABC-70C6-4661-982B-7FF01A827CBB}.Debug|x64.Build.0 = Release|x64
		{A141DABC-70C6-4661-982B-7FF01A827CBB}.Debug|x86.ActiveCfg = Debug|Win32
		{A141DABC-70C6-4661-982B-7FF01A827CBB}.Debug|x86.Build.0 = Debug|Win32
		{A141DABC-70C6-4661-982B-7FF01A827CBB}.Release|x64.ActiveCfg = Release|x64
		{A141DABC-70C6-4661-982B-7FF01A827CBB}.Release|x64.Build.0 = Release|x64
		{A141DABC-70C6-4661-982B-7FF01A827CBB}.Release|x86.ActiveCfg = Release|Win32
		{A141DABC-70C6-4661-982B-7FF01A827CBB}.Release|x86.Build.0 = Release|Win32
	EndGlobalSection
	GlobalSection(SolutionProperties) = preSolution
		HideSolutionNode = FALSE
	EndGlobalSection
	GlobalSection(ExtensibilityGlobals) = postSolution
		SolutionGuid = {DBFDEF28-A63B-4B25-A5BA-0DD58C7A3D78}
	EndGlobalSection
EndGlobal
